
Microsoft Visual Studio Solution File, Format Version 12.00
# Visual Studio Version 17
VisualStudioVersion = 17.0.31903.59
MinimumVisualStudioVersion = 10.0.40219.1
Project("{2150E333-8FDC-42A3-9474-1A3956D46DE8}") = "src", "src", "{827E0CD3-B72D-47B6-A68D-7590B98EB39B}"
EndProject
Project("{2150E333-8FDC-42A3-9474-1A3956D46DE8}") = "Core", "Core", "{8D626EA8-CB54-BC41-363A-217881BEBA6E}"
EndProject
Project("{FAE04EC0-301F-11D3-BF4B-00C04F79EFBC}") = "BankSystem.Core", "src\Core\BankSystem.Core.csproj", "{41E1450F-8E6F-4396-838C-F9C15287B567}"
EndProject
Project("{2150E333-8FDC-42A3-9474-1A3956D46DE8}") = "DataLayer", "DataLayer", "{97BF9A01-AB29-AF55-653B-84028F71D41A}"
EndProject
Project("{2150E333-8FDC-42A3-9474-1A3956D46DE8}") = "Processing", "Processing", "{6D8AACB2-692B-8ECE-48B5-A6C757BA2C59}"
EndProject
Project("{FAE04EC0-301F-11D3-BF4B-00C04F79EFBC}") = "BankSystem.Processing", "src\Processing\BankSystem.Processing.csproj", "{AEEB5492-1259-4310-AB00-8BD85204F018}"
EndProject
Project("{2150E333-8FDC-42A3-9474-1A3956D46DE8}") = "Metrics", "Metrics", "{E08B15DA-3902-AD49-558B-E4F16811D061}"
EndProject
Project("{FAE04EC0-301F-11D3-BF4B-00C04F79EFBC}") = "BankSystem.Metrics", "src\Metrics\BankSystem.Metrics.csproj", "{916150A5-1DEF-4297-8A5F-2D783D743860}"
EndProject
Project("{2150E333-8FDC-42A3-9474-1A3956D46DE8}") = "App", "App", "{547E75E0-49BC-27F6-65D6-DF25CFFB661A}"
EndProject
Project("{FAE04EC0-301F-11D3-BF4B-00C04F79EFBC}") = "BankSystem.Data", "src\BankSystem.Data\BankSystem.Data.csproj", "{3E0FC613-6E7A-4E34-981E-DEEB743CF408}"
EndProject
Project("{FAE04EC0-301F-11D3-BF4B-00C04F79EFBC}") = "BankSystem.App", "src\BankSystem.App\BankSystem.App.csproj", "{1B464BE9-0CB5-4DAC-B4B3-9AD165902820}"
EndProject
Global
	GlobalSection(SolutionConfigurationPlatforms) = preSolution
		Debug|Any CPU = Debug|Any CPU
		Debug|x64 = Debug|x64
		Debug|x86 = Debug|x86
		Release|Any CPU = Release|Any CPU
		Release|x64 = Release|x64
		Release|x86 = Release|x86
	EndGlobalSection
	GlobalSection(ProjectConfigurationPlatforms) = postSolution
		{41E1450F-8E6F-4396-838C-F9C15287B567}.Debug|Any CPU.ActiveCfg = Debug|Any CPU
		{41E1450F-8E6F-4396-838C-F9C15287B567}.Debug|Any CPU.Build.0 = Debug|Any CPU
		{41E1450F-8E6F-4396-838C-F9C15287B567}.Debug|x64.ActiveCfg = Debug|Any CPU
		{41E1450F-8E6F-4396-838C-F9C15287B567}.Debug|x64.Build.0 = Debug|Any CPU
		{41E1450F-8E6F-4396-838C-F9C15287B567}.Debug|x86.ActiveCfg = Debug|Any CPU
		{41E1450F-8E6F-4396-838C-F9C15287B567}.Debug|x86.Build.0 = Debug|Any CPU
		{41E1450F-8E6F-4396-838C-F9C15287B567}.Release|Any CPU.ActiveCfg = Release|Any CPU
		{41E1450F-8E6F-4396-838C-F9C15287B567}.Release|Any CPU.Build.0 = Release|Any CPU
		{41E1450F-8E6F-4396-838C-F9C15287B567}.Release|x64.ActiveCfg = Release|Any CPU
		{41E1450F-8E6F-4396-838C-F9C15287B567}.Release|x64.Build.0 = Release|Any CPU
		{41E1450F-8E6F-4396-838C-F9C15287B567}.Release|x86.ActiveCfg = Release|Any CPU
		{41E1450F-8E6F-4396-838C-F9C15287B567}.Release|x86.Build.0 = Release|Any CPU
		{AEEB5492-1259-4310-AB00-8BD85204F018}.Debug|Any CPU.ActiveCfg = Debug|Any CPU
		{AEEB5492-1259-4310-AB00-8BD85204F018}.Debug|Any CPU.Build.0 = Debug|Any CPU
		{AEEB5492-1259-4310-AB00-8BD85204F018}.Debug|x64.ActiveCfg = Debug|Any CPU
		{AEEB5492-1259-4310-AB00-8BD85204F018}.Debug|x64.Build.0 = Debug|Any CPU
		{AEEB5492-1259-4310-AB00-8BD85204F018}.Debug|x86.ActiveCfg = Debug|Any CPU
		{AEEB5492-1259-4310-AB00-8BD85204F018}.Debug|x86.Build.0 = Debug|Any CPU
		{AEEB5492-1259-4310-AB00-8BD85204F018}.Release|Any CPU.ActiveCfg = Release|Any CPU
		{AEEB5492-1259-4310-AB00-8BD85204F018}.Release|Any CPU.Build.0 = Release|Any CPU
		{AEEB5492-1259-4310-AB00-8BD85204F018}.Release|x64.ActiveCfg = Release|Any CPU
		{AEEB5492-1259-4310-AB00-8BD85204F018}.Release|x64.Build.0 = Release|Any CPU
		{AEEB5492-1259-4310-AB00-8BD85204F018}.Release|x86.ActiveCfg = Release|Any CPU
		{AEEB5492-1259-4310-AB00-8BD85204F018}.Release|x86.Build.0 = Release|Any CPU
		{916150A5-1DEF-4297-8A5F-2D783D743860}.Debug|Any CPU.ActiveCfg = Debug|Any CPU
		{916150A5-1DEF-4297-8A5F-2D783D743860}.Debug|Any CPU.Build.0 = Debug|Any CPU
		{916150A5-1DEF-4297-8A5F-2D783D743860}.Debug|x64.ActiveCfg = Debug|Any CPU
		{916150A5-1DEF-4297-8A5F-2D783D743860}.Debug|x64.Build.0 = Debug|Any CPU
		{916150A5-1DEF-4297-8A5F-2D783D743860}.Debug|x86.ActiveCfg = Debug|Any CPU
		{916150A5-1DEF-4297-8A5F-2D783D743860}.Debug|x86.Build.0 = Debug|Any CPU
		{916150A5-1DEF-4297-8A5F-2D783D743860}.Release|Any CPU.ActiveCfg = Release|Any CPU
		{916150A5-1DEF-4297-8A5F-2D783D743860}.Release|Any CPU.Build.0 = Release|Any CPU
		{916150A5-1DEF-4297-8A5F-2D783D743860}.Release|x64.ActiveCfg = Release|Any CPU
		{916150A5-1DEF-4297-8A5F-2D783D743860}.Release|x64.Build.0 = Release|Any CPU
		{916150A5-1DEF-4297-8A5F-2D783D743860}.Release|x86.ActiveCfg = Release|Any CPU
		{916150A5-1DEF-4297-8A5F-2D783D743860}.Release|x86.Build.0 = Release|Any CPU
		{3E0FC613-6E7A-4E34-981E-DEEB743CF408}.Debug|Any CPU.ActiveCfg = Debug|Any CPU
		{3E0FC613-6E7A-4E34-981E-DEEB743CF408}.Debug|Any CPU.Build.0 = Debug|Any CPU
		{3E0FC613-6E7A-4E34-981E-DEEB743CF408}.Debug|x64.ActiveCfg = Debug|Any CPU
		{3E0FC613-6E7A-4E34-981E-DEEB743CF408}.Debug|x64.Build.0 = Debug|Any CPU
		{3E0FC613-6E7A-4E34-981E-DEEB743CF408}.Debug|x86.ActiveCfg = Debug|Any CPU
		{3E0FC613-6E7A-4E34-981E-DEEB743CF408}.Debug|x86.Build.0 = Debug|Any CPU
		{3E0FC613-6E7A-4E34-981E-DEEB743CF408}.Release|Any CPU.ActiveCfg = Release|Any CPU
		{3E0FC613-6E7A-4E34-981E-DEEB743CF408}.Release|Any CPU.Build.0 = Release|Any CPU
		{3E0FC613-6E7A-4E34-981E-DEEB743CF408}.Release|x64.ActiveCfg = Release|Any CPU
		{3E0FC613-6E7A-4E34-981E-DEEB743CF408}.Release|x64.Build.0 = Release|Any CPU
		{3E0FC613-6E7A-4E34-981E-DEEB743CF408}.Release|x86.ActiveCfg = Release|Any CPU
		{3E0FC613-6E7A-4E34-981E-DEEB743CF408}.Release|x86.Build.0 = Release|Any CPU
		{1B464BE9-0CB5-4DAC-B4B3-9AD165902820}.Debug|Any CPU.ActiveCfg = Debug|Any CPU
		{1B464BE9-0CB5-4DAC-B4B3-9AD165902820}.Debug|Any CPU.Build.0 = Debug|Any CPU
		{1B464BE9-0CB5-4DAC-B4B3-9AD165902820}.Debug|x64.ActiveCfg = Debug|Any CPU
		{1B464BE9-0CB5-4DAC-B4B3-9AD165902820}.Debug|x64.Build.0 = Debug|Any CPU
		{1B464BE9-0CB5-4DAC-B4B3-9AD165902820}.Debug|x86.ActiveCfg = Debug|Any CPU
		{1B464BE9-0CB5-4DAC-B4B3-9AD165902820}.Debug|x86.Build.0 = Debug|Any CPU
		{1B464BE9-0CB5-4DAC-B4B3-9AD165902820}.Release|Any CPU.ActiveCfg = Release|Any CPU
		{1B464BE9-0CB5-4DAC-B4B3-9AD165902820}.Release|Any CPU.Build.0 = Release|Any CPU
		{1B464BE9-0CB5-4DAC-B4B3-9AD165902820}.Release|x64.ActiveCfg = Release|Any CPU
		{1B464BE9-0CB5-4DAC-B4B3-9AD165902820}.Release|x64.Build.0 = Release|Any CPU
		{1B464BE9-0CB5-4DAC-B4B3-9AD165902820}.Release|x86.ActiveCfg = Release|Any CPU
		{1B464BE9-0CB5-4DAC-B4B3-9AD165902820}.Release|x86.Build.0 = Release|Any CPU
	EndGlobalSection
	GlobalSection(SolutionProperties) = preSolution
		HideSolutionNode = FALSE
	EndGlobalSection
	GlobalSection(NestedProjects) = preSolution
		{8D626EA8-CB54-BC41-363A-217881BEBA6E} = {827E0CD3-B72D-47B6-A68D-7590B98EB39B}
		{41E1450F-8E6F-4396-838C-F9C15287B567} = {8D626EA8-CB54-BC41-363A-217881BEBA6E}
		{97BF9A01-AB29-AF55-653B-84028F71D41A} = {827E0CD3-B72D-47B6-A68D-7590B98EB39B}
		{6D8AACB2-692B-8ECE-48B5-A6C757BA2C59} = {827E0CD3-B72D-47B6-A68D-7590B98EB39B}
		{AEEB5492-1259-4310-AB00-8BD85204F018} = {6D8AACB2-692B-8ECE-48B5-A6C757BA2C59}
		{E08B15DA-3902-AD49-558B-E4F16811D061} = {827E0CD3-B72D-47B6-A68D-7590B98EB39B}
		{916150A5-1DEF-4297-8A5F-2D783D743860} = {E08B15DA-3902-AD49-558B-E4F16811D061}
		{547E75E0-49BC-27F6-65D6-DF25CFFB661A} = {827E0CD3-B72D-47B6-A68D-7590B98EB39B}
		{3E0FC613-6E7A-4E34-981E-DEEB743CF408} = {97BF9A01-AB29-AF55-653B-84028F71D41A}
		{1B464BE9-0CB5-4DAC-B4B3-9AD165902820} = {547E75E0-49BC-27F6-65D6-DF25CFFB661A}
	EndGlobalSection
	GlobalSection(ExtensibilityGlobals) = postSolution
		SolutionGuid = {24F68638-F31A-40DC-8E25-9BF962FAEFBE}
	EndGlobalSection
EndGlobal
